schema: '2.0'
stages:
  cpcb_list_stations:
    cmd: python scripts/datasets/cpcb/2-list_stations.py
    deps:
    - path: scripts/datasets/cpcb/2-list_stations.py
      hash: md5
      md5: 415981b0385f75828212a464b32eb80d
      size: 2136
    outs:
    - path: data/stations
      hash: md5
      md5: c12eaf2bfc25b355081dca5f04b8c50c.dir
      size: 39223
      nfiles: 5
  cpcb_download_pm25:
    cmd: python scripts/datasets/cpcb/3-download_pm25.py
    deps:
    - path: data/stations/cpcb_stations_delhi_status.csv
      hash: md5
      md5: 05ba0bea2cc9f08e4298c157d40749b6
      size: 13406
    - path: scripts/datasets/cpcb/1-cpcb_fetcher.py
      hash: md5
      md5: 59fce616c3f09f9bd1175f48a956b626
      size: 8920
    - path: scripts/datasets/cpcb/3-download_pm25.py
      hash: md5
      md5: 3051c35c11470f62fbd98d29942c358e
      size: 11190
    outs:
    - path: data/raw/cpcb
      hash: md5
      md5: d8aef6b456d4d37ae83df376478e8296.dir
      size: 104111282
      nfiles: 95
  cpcb_merge_downloads:
    cmd: python scripts/datasets/cpcb/5-merge_downloads.py --dir1 
      data/raw/cpcb/pm25_delhi_2025 --dir2 data/raw/cpcb/pm25_delhi_2026_q1 
      --outdir data/interim/cpcb/pm25_delhi_merged
    deps:
    - path: data/raw/cpcb/pm25_delhi_2025
      hash: md5
      md5: 6855fe437563210c82b87c00cd7e2691.dir
      size: 82866872
      nfiles: 48
    - path: data/raw/cpcb/pm25_delhi_2026_q1
      hash: md5
      md5: c03e0d7cc8a87ff1b90675ed67df4eff.dir
      size: 21244410
      nfiles: 47
    - path: scripts/datasets/cpcb/5-merge_downloads.py
      hash: md5
      md5: 5f4c0cc0017e44f3b6a83f5d67b91de3
      size: 2830
    outs:
    - path: data/interim/cpcb/pm25_delhi_merged
      hash: md5
      md5: fed56d8bf8346b20f9e429578be039cc.dir
      size: 104080997
      nfiles: 49
  cpcb_trim_and_season:
    cmd: python scripts/datasets/cpcb/6-trim_and_season.py --input 
      data/interim/cpcb/pm25_delhi_merged/ALL_COMBINED.csv --outdir 
      data/processed/cpcb/pm25_delhi_windowed
    deps:
    - path: data/interim/cpcb/pm25_delhi_merged
      hash: md5
      md5: fed56d8bf8346b20f9e429578be039cc.dir
      size: 104080997
      nfiles: 49
    - path: scripts/datasets/cpcb/6-trim_and_season.py
      hash: md5
      md5: 3983d69ae3e97150fa740c96ed6c0b09
      size: 2383
    outs:
    - path: data/processed/cpcb/pm25_delhi_windowed
      hash: md5
      md5: 1497a63c052ebc194841e398a6f9203f.dir
      size: 8196495
      nfiles: 2
  maiac_extract:
    cmd: python scripts/datasets/maiac_aod/1-extract_gee_covariates.py 
      --stations data/stations/cpcb_stations_delhi_status.csv --outdir 
      data/raw/maiac
    deps:
    - path: data/stations/cpcb_stations_delhi_status.csv
      hash: md5
      md5: 05ba0bea2cc9f08e4298c157d40749b6
      size: 13406
    - path: scripts/datasets/maiac_aod/1-extract_gee_covariates.py
      hash: md5
      md5: e32cf60c1237d114fd9af75356d09b04
      size: 3422
    outs:
    - path: data/raw/maiac
      hash: md5
      md5: 1d08a90111317af22fb89c9805fca380.dir
      size: 1365740
      nfiles: 1
  cpcb_qc_check:
    cmd: python scripts/datasets/cpcb/7-cpcb_qc_check.py --input 
      data/processed/cpcb/pm25_delhi_windowed/pm25_delhi_mar25_feb26_seasoned.csv
      --outdir data/interim/cpcb/pm25_qc
    deps:
    - path: data/processed/cpcb/pm25_delhi_windowed
      hash: md5
      md5: 1497a63c052ebc194841e398a6f9203f.dir
      size: 8196495
      nfiles: 2
    - path: scripts/datasets/cpcb/7-cpcb_qc_check.py
      hash: md5
      md5: 7d732b3fa4fe8ecbd56cfbeabe084fec
      size: 3860
    params:
      params.yaml:
        cpcb_qc.high_value_limit: 1000
        cpcb_qc.stuck_run_limit: 3
    outs:
    - path: data/interim/cpcb/pm25_qc
      hash: md5
      md5: 0428ca3dd85bc261a9f50f00139d32ab.dir
      size: 1461
      nfiles: 2
  cpcb_filter_aggregate:
    cmd: python scripts/datasets/cpcb/8-filter_and_aggregate.py --input 
      data/processed/cpcb/pm25_delhi_windowed/pm25_delhi_mar25_feb26_seasoned.csv
      --outdir data/processed/cpcb/pm25_daily
    deps:
    - path: data/processed/cpcb/pm25_delhi_windowed
      hash: md5
      md5: 1497a63c052ebc194841e398a6f9203f.dir
      size: 8196495
      nfiles: 2
    - path: scripts/datasets/cpcb/8-filter_and_aggregate.py
      hash: md5
      md5: e51084367df5a8df22de48ba0d4075a4
      size: 3248
    params:
      params.yaml:
        cpcb_filter_aggregate.drop_stations:
        - 10820
        - 10900
        - 10825
        - 6936
        cpcb_filter_aggregate.min_hours: 2
    outs:
    - path: data/processed/cpcb/pm25_daily
      hash: md5
      md5: 8df91414889addbc424b12fdef17d59f.dir
      size: 481569
      nfiles: 2
